{
  "name": "plugins-test",
  "version": "1.0.0",
  "lockfileVersion": 1,
  "requires": true,
  "dependencies": {
    "pickmeup": {
      "version": "3.2.1",
      "resolved": "https://registry.npmjs.org/pickmeup/-/pickmeup-3.2.1.tgz",
      "integrity": "sha512-qd5tia6V+XNtRMZMVPfRqlY9dXIbS/SzPozAGaZfE7soYeBjlj5/EDiAoqz8bK1aJvzs3US5eyv0/gC/g2fkZQ=="
    }
  }
}
